// !$*UTF8*$!
{
	archiveVersion = 1;
	classes = {
	};
	objectVersion = 56;
	objects = {

/* Begin PBXBuildFile section */
		3F92FF1A2B289CC300821CB5 /* kosciany_pokerApp.swift in Sources */ = {isa = PBXBuildFile; fileRef = 3F92FF192B289CC300821CB5 /* kosciany_pokerApp.swift */; };
		3F92FF1C2B289CC300821CB5 /* ContentView.swift in Sources */ = {isa = PBXBuildFile; fileRef = 3F92FF1B2B289CC300821CB5 /* ContentView.swift */; };
		3F92FF1E2B289CC500821CB5 /* Assets.xcassets in Resources */ = {isa = PBXBuildFile; fileRef = 3F92FF1D2B289CC500821CB5 /* Assets.xcassets */; };
		3F92FF222B289CC500821CB5 /* Preview Assets.xcassets in Resources */ = {isa = PBXBuildFile; fileRef = 3F92FF212B289CC500821CB5 /* Preview Assets.xcassets */; };
		3F92FF2C2B289CC500821CB5 /* kosciany_pokerTests.swift in Sources */ = {isa = PBXBuildFile; fileRef = 3F92FF2B2B289CC500821CB5 /* kosciany_pokerTests.swift */; };
		3F92FF362B289CC500821CB5 /* kosciany_pokerUITests.swift in Sources */ = {isa = PBXBuildFile; fileRef = 3F92FF352B289CC500821CB5 /* kosciany_pokerUITests.swift */; };
		3F92FF382B289CC500821CB5 /* kosciany_pokerUITestsLaunchTests.swift in Sources */ = {isa = PBXBuildFile; fileRef = 3F92FF372B289CC500821CB5 /* kosciany_pokerUITestsLaunchTests.swift */; };
/* End PBXBuildFile section */

/* Begin PBXContainerItemProxy section */
		3F92FF282B289CC500821CB5 /* PBXContainerItemProxy */ = {
			isa = PBXContainerItemProxy;
			containerPortal = 3F92FF0E2B289CC300821CB5 /* Project object */;
			proxyType = 1;
			remoteGlobalIDString = 3F92FF152B289CC300821CB5;
			remoteInfo = kosciany_poker;
		};
		3F92FF322B289CC500821CB5 /* PBXContainerItemProxy */ = {
			isa = PBXContainerItemProxy;
			containerPortal = 3F92FF0E2B289CC300821CB5 /* Project object */;
			proxyType = 1;
			remoteGlobalIDString = 3F92FF152B289CC300821CB5;
			remoteInfo = kosciany_poker;
		};
/* End PBXContainerItemProxy section */

/* Begin PBXFileReference section */
		3F92FF162B289CC300821CB5 /* kosciany_poker.app */ = {isa = PBXFileReference; explicitFileType = wrapper.application; includeInIndex = 0; path = kosciany_poker.app; sourceTree = BUILT_PRODUCTS_DIR; };
		3F92FF192B289CC300821CB5 /* kosciany_pokerApp.swift */ = {isa = PBXFileReference; lastKnownFileType = sourcecode.swift; path = kosciany_pokerApp.swift; sourceTree = "<group>"; };
		3F92FF1B2B289CC300821CB5 /* ContentView.swift */ = {isa = PBXFileReference; lastKnownFileType = sourcecode.swift; path = ContentView.swift; sourceTree = "<group>"; };
		3F92FF1D2B289CC500821CB5 /* Assets.xcassets */ = {isa = PBXFileReference; lastKnownFileType = folder.assetcatalog; path = Assets.xcassets; sourceTree = "<group>"; };
		3F92FF1F2B289CC500821CB5 /* kosciany_poker.entitlements */ = {isa = PBXFileReference; lastKnownFileType = text.plist.entitlements; path = kosciany_poker.entitlements; sourceTree = "<group>"; };
		3F92FF212B289CC500821CB5 /* Preview Assets.xcassets */ = {isa = PBXFileReference; lastKnownFileType = folder.assetcatalog; path = "Preview Assets.xcassets"; sourceTree = "<group>"; };
		3F92FF272B289CC500821CB5 /* kosciany_pokerTests.xctest */ = {isa = PBXFileReference; explicitFileType = wrapper.cfbundle; includeInIndex = 0; path = kosciany_pokerTests.xctest; sourceTree = BUILT_PRODUCTS_DIR; };
		3F92FF2B2B289CC500821CB5 /* kosciany_pokerTests.swift */ = {isa = PBXFileReference; lastKnownFileType = sourcecode.swift; path = kosciany_pokerTests.swift; sourceTree = "<group>"; };
		3F92FF312B289CC500821CB5 /* kosciany_pokerUITests.xctest */ = {isa = PBXFileReference; explicitFileType = wrapper.cfbundle; includeInIndex = 0; path = kosciany_pokerUITests.xctest; sourceTree = BUILT_PRODUCTS_DIR; };
		3F92FF352B289CC500821CB5 /* kosciany_pokerUITests.swift */ = {isa = PBXFileReference; lastKnownFileType = sourcecode.swift; path = kosciany_pokerUITests.swift; sourceTree = "<group>"; };
		3F92FF372B289CC500821CB5 /* kosciany_pokerUITestsLaunchTests.swift */ = {isa = PBXFileReference; lastKnownFileType = sourcecode.swift; path = kosciany_pokerUITestsLaunchTests.swift; sourceTree = "<group>"; };
/* End PBXFileReference section */

/* Begin PBXFrameworksBuildPhase section */
		3F92FF132B289CC300821CB5 /* Frameworks */ = {
			isa = PBXFrameworksBuildPhase;
			buildActionMask = 2147483647;
			files = (
			);
			runOnlyForDeploymentPostprocessing = 0;
		};
		3F92FF242B289CC500821CB5 /* Frameworks */ = {
			isa = PBXFrameworksBuildPhase;
			buildActionMask = 2147483647;
			files = (
			);
			runOnlyForDeploymentPostprocessing = 0;
		};
		3F92FF2E2B289CC500821CB5 /* Frameworks */ = {
			isa = PBXFrameworksBuildPhase;
			buildActionMask = 2147483647;
			files = (
			);
			runOnlyForDeploymentPostprocessing = 0;
		};
/* End PBXFrameworksBuildPhase section */

/* Begin PBXGroup section */
		3F92FF0D2B289CC300821CB5 = {
			isa = PBXGroup;
			children = (
				3F92FF182B289CC300821CB5 /* kosciany_poker */,
				3F92FF2A2B289CC500821CB5 /* kosciany_pokerTests */,
				3F92FF342B289CC500821CB5 /* kosciany_pokerUITests */,
				3F92FF172B289CC300821CB5 /* Products */,
			);
			sourceTree = "<group>";
		};
		3F92FF172B289CC300821CB5 /* Products */ = {
			isa = PBXGroup;
			children = (
				3F92FF162B289CC300821CB5 /* kosciany_poker.app */,
				3F92FF272B289CC500821CB5 /* kosciany_pokerTests.xctest */,
				3F92FF312B289CC500821CB5 /* kosciany_pokerUITests.xctest */,
			);
			name = Products;
			sourceTree = "<group>";
		};
		3F92FF182B289CC300821CB5 /* kosciany_poker */ = {
			isa = PBXGroup;
			children = (
				3F92FF192B289CC300821CB5 /* kosciany_pokerApp.swift */,
				3F92FF1B2B289CC300821CB5 /* ContentView.swift */,
				3F92FF1D2B289CC500821CB5 /* Assets.xcassets */,
				3F92FF1F2B289CC500821CB5 /* kosciany_poker.entitlements */,
				3F92FF202B289CC500821CB5 /* Preview Content */,
			);
			path = kosciany_poker;
			sourceTree = "<group>";
		};
		3F92FF202B289CC500821CB5 /* Preview Content */ = {
			isa = PBXGroup;
			children = (
				3F92FF212B289CC500821CB5 /* Preview Assets.xcassets */,
			);
			path = "Preview Content";
			sourceTree = "<group>";
		};
		3F92FF2A2B289CC500821CB5 /* kosciany_pokerTests */ = {
			isa = PBXGroup;
			children = (
				3F92FF2B2B289CC500821CB5 /* kosciany_pokerTests.swift */,
			);
			path = kosciany_pokerTests;
			sourceTree = "<group>";
		};
		3F92FF342B289CC500821CB5 /* kosciany_pokerUITests */ = {
			isa = PBXGroup;
			children = (
				3F92FF352B289CC500821CB5 /* kosciany_pokerUITests.swift */,
				3F92FF372B289CC500821CB5 /* kosciany_pokerUITestsLaunchTests.swift */,
			);
			path = kosciany_pokerUITests;
			sourceTree = "<group>";
		};
/* End PBXGroup section */

/* Begin PBXNativeTarget section */
		3F92FF152B289CC300821CB5 /* kosciany_poker */ = {
			isa = PBXNativeTarget;
			buildConfigurationList = 3F92FF3B2B289CC500821CB5 /* Build configuration list for PBXNativeTarget "kosciany_poker" */;
			buildPhases = (
				3F92FF122B289CC300821CB5 /* Sources */,
				3F92FF132B289CC300821CB5 /* Frameworks */,
				3F92FF142B289CC300821CB5 /* Resources */,
			);
			buildRules = (
			);
			dependencies = (
			);
			name = kosciany_poker;
			productName = kosciany_poker;
			productReference = 3F92FF162B289CC300821CB5 /* kosciany_poker.app */;
			productType = "com.apple.product-type.application";
		};
		3F92FF262B289CC500821CB5 /* kosciany_pokerTests */ = {
			isa = PBXNativeTarget;
			buildConfigurationList = 3F92FF3E2B289CC500821CB5 /* Build configuration list for PBXNativeTarget "kosciany_pokerTests" */;
			buildPhases = (
				3F92FF232B289CC500821CB5 /* Sources */,
				3F92FF242B289CC500821CB5 /* Frameworks */,
				3F92FF252B289CC500821CB5 /* Resources */,
			);
			buildRules = (
			);
			dependencies = (
				3F92FF292B289CC500821CB5 /* PBXTargetDependency */,
			);
			name = kosciany_pokerTests;
			productName = kosciany_pokerTests;
			productReference = 3F92FF272B289CC500821CB5 /* kosciany_pokerTests.xctest */;
			productType = "com.apple.product-type.bundle.unit-test";
		};
		3F92FF302B289CC500821CB5 /* kosciany_pokerUITests */ = {
			isa = PBXNativeTarget;
			buildConfigurationList = 3F92FF412B289CC500821CB5 /* Build configuration list for PBXNativeTarget "kosciany_pokerUITests" */;
			buildPhases = (
				3F92FF2D2B289CC500821CB5 /* Sources */,
				3F92FF2E2B289CC500821CB5 /* Frameworks */,
				3F92FF2F2B289CC500821CB5 /* Resources */,
			);
			buildRules = (
			);
			dependencies = (
				3F92FF332B289CC500821CB5 /* PBXTargetDependency */,
			);
			name = kosciany_pokerUITests;
			productName = kosciany_pokerUITests;
			productReference = 3F92FF312B289CC500821CB5 /* kosciany_pokerUITests.xctest */;
			productType = "com.apple.product-type.bundle.ui-testing";
		};
/* End PBXNativeTarget section */

/* Begin PBXProject section */
		3F92FF0E2B289CC300821CB5 /* Project object */ = {
			isa = PBXProject;
			attributes = {
				BuildIndependentTargetsInParallel = 1;
				LastSwiftUpdateCheck = 1500;
				LastUpgradeCheck = 1500;
				TargetAttributes = {
					3F92FF152B289CC300821CB5 = {
						CreatedOnToolsVersion = 15.0;
					};
					3F92FF262B289CC500821CB5 = {
						CreatedOnToolsVersion = 15.0;
						TestTargetID = 3F92FF152B289CC300821CB5;
					};
					3F92FF302B289CC500821CB5 = {
						CreatedOnToolsVersion = 15.0;
						TestTargetID = 3F92FF152B289CC300821CB5;
					};
				};
			};
			buildConfigurationList = 3F92FF112B289CC300821CB5 /* Build configuration list for PBXProject "kosciany_poker" */;
			compatibilityVersion = "Xcode 14.0";
			developmentRegion = en;
			hasScannedForEncodings = 0;
			knownRegions = (
				en,
				Base,
			);
			mainGroup = 3F92FF0D2B289CC300821CB5;
			productRefGroup = 3F92FF172B289CC300821CB5 /* Products */;
			projectDirPath = "";
			projectRoot = "";
			targets = (
				3F92FF152B289CC300821CB5 /* kosciany_poker */,
				3F92FF262B289CC500821CB5 /* kosciany_pokerTests */,
				3F92FF302B289CC500821CB5 /* kosciany_pokerUITests */,
			);
		};
/* End PBXProject section */

/* Begin PBXResourcesBuildPhase section */
		3F92FF142B289CC300821CB5 /* Resources */ = {
			isa = PBXResourcesBuildPhase;
			buildActionMask = 2147483647;
			files = (
				3F92FF222B289CC500821CB5 /* Preview Assets.xcassets in Resources */,
				3F92FF1E2B289CC500821CB5 /* Assets.xcassets in Resources */,
			);
			runOnlyForDeploymentPostprocessing = 0;
		};
		3F92FF252B289CC500821CB5 /* Resources */ = {
			isa = PBXResourcesBuildPhase;
			buildActionMask = 2147483647;
			files = (
			);
			runOnlyForDeploymentPostprocessing = 0;
		};
		3F92FF2F2B289CC500821CB5 /* Resources */ = {
			isa = PBXResourcesBuildPhase;
			buildActionMask = 2147483647;
			files = (
			);
			runOnlyForDeploymentPostprocessing = 0;
		};
/* End PBXResourcesBuildPhase section */

/* Begin PBXSourcesBuildPhase section */
		3F92FF122B289CC300821CB5 /* Sources */ = {
			isa = PBXSourcesBuildPhase;
			buildActionMask = 2147483647;
			files = (
				3F92FF1C2B289CC300821CB5 /* ContentView.swift in Sources */,
				3F92FF1A2B289CC300821CB5 /* kosciany_pokerApp.swift in Sources */,
			);
			runOnlyForDeploymentPostprocessing = 0;
		};
		3F92FF232B289CC500821CB5 /* Sources */ = {
			isa = PBXSourcesBuildPhase;
			buildActionMask = 2147483647;
			files = (
				3F92FF2C2B289CC500821CB5 /* kosciany_pokerTests.swift in Sources */,
			);
			runOnlyForDeploymentPostprocessing = 0;
		};
		3F92FF2D2B289CC500821CB5 /* Sources */ = {
			isa = PBXSourcesBuildPhase;
			buildActionMask = 2147483647;
			files = (
				3F92FF362B289CC500821CB5 /* kosciany_pokerUITests.swift in Sources */,
				3F92FF382B289CC500821CB5 /* kosciany_pokerUITestsLaunchTests.swift in Sources */,
			);
			runOnlyForDeploymentPostprocessing = 0;
		};
/* End PBXSourcesBuildPhase section */

/* Begin PBXTargetDependency section */
		3F92FF292B289CC500821CB5 /* PBXTargetDependency */ = {
			isa = PBXTargetDependency;
			target = 3F92FF152B289CC300821CB5 /* kosciany_poker */;
			targetProxy = 3F92FF282B289CC500821CB5 /* PBXContainerItemProxy */;
		};
		3F92FF332B289CC500821CB5 /* PBXTargetDependency */ = {
			isa = PBXTargetDependency;
			target = 3F92FF152B289CC300821CB5 /* kosciany_poker */;
			targetProxy = 3F92FF322B289CC500821CB5 /* PBXContainerItemProxy */;
		};
/* End PBXTargetDependency section */

/* Begin XCBuildConfiguration section */
		3F92FF392B289CC500821CB5 /* Debug */ = {
			isa = XCBuildConfiguration;
			buildSettings = {
				ALWAYS_SEARCH_USER_PATHS = NO;
				ASSETCATALOG_COMPILER_GENERATE_SWIFT_ASSET_SYMBOL_EXTENSIONS = YES;
				CLANG_ANALYZER_NONNULL = YES;
				CLANG_ANALYZER_NUMBER_OBJECT_CONVERSION = YES_AGGRESSIVE;
				CLANG_CXX_LANGUAGE_STANDARD = "gnu++20";
				CLANG_ENABLE_MODULES = YES;
				CLANG_ENABLE_OBJC_ARC = YES;
				CLANG_ENABLE_OBJC_WEAK = YES;
				CLANG_WARN_BLOCK_CAPTURE_AUTORELEASING = YES;
				CLANG_WARN_BOOL_CONVERSION = YES;
				CLANG_WARN_COMMA = YES;
				CLANG_WARN_CONSTANT_CONVERSION = YES;
				CLANG_WARN_DEPRECATED_OBJC_IMPLEMENTATIONS = YES;
				CLANG_WARN_DIRECT_OBJC_ISA_USAGE = YES_ERROR;
				CLANG_WARN_DOCUMENTATION_COMMENTS = YES;
				CLANG_WARN_EMPTY_BODY = YES;
				CLANG_WARN_ENUM_CONVERSION = YES;
				CLANG_WARN_INFINITE_RECURSION = YES;
				CLANG_WARN_INT_CONVERSION = YES;
				CLANG_WARN_NON_LITERAL_NULL_CONVERSION = YES;
				CLANG_WARN_OBJC_IMPLICIT_RETAIN_SELF = YES;
				CLANG_WARN_OBJC_LITERAL_CONVERSION = YES;
				CLANG_WARN_OBJC_ROOT_CLASS = YES_ERROR;
				CLANG_WARN_QUOTED_INCLUDE_IN_FRAMEWORK_HEADER = YES;
				CLANG_WARN_RANGE_LOOP_ANALYSIS = YES;
				CLANG_WARN_STRICT_PROTOTYPES = YES;
				CLANG_WARN_SUSPICIOUS_MOVE = YES;
				CLANG_WARN_UNGUARDED_AVAILABILITY = YES_AGGRESSIVE;
				CLANG_WARN_UNREACHABLE_CODE = YES;
				CLANG_WARN__DUPLICATE_METHOD_MATCH = YES;
				COPY_PHASE_STRIP = NO;
				DEBUG_INFORMATION_FORMAT = dwarf;
				ENABLE_STRICT_OBJC_MSGSEND = YES;
				ENABLE_TESTABILITY = YES;
				ENABLE_USER_SCRIPT_SANDBOXING = YES;
				GCC_C_LANGUAGE_STANDARD = gnu17;
				GCC_DYNAMIC_NO_PIC = NO;
				GCC_NO_COMMON_BLOCKS = YES;
				GCC_OPTIMIZATION_LEVEL = 0;
				GCC_PREPROCESSOR_DEFINITIONS = (
					"DEBUG=1",
					"$(inherited)",
				);
				GCC_WARN_64_TO_32_BIT_CONVERSION = YES;
				GCC_WARN_ABOUT_RETURN_TYPE = YES_ERROR;
				GCC_WARN_UNDECLARED_SELECTOR = YES;
				GCC_WARN_UNINITIALIZED_AUTOS = YES_AGGRESSIVE;
				GCC_WARN_UNUSED_FUNCTION = YES;
				GCC_WARN_UNUSED_VARIABLE = YES;
				LOCALIZATION_PREFERS_STRING_CATALOGS = YES;
				MTL_ENABLE_DEBUG_INFO = INCLUDE_SOURCE;
				MTL_FAST_MATH = YES;
				ONLY_ACTIVE_ARCH = YES;
				SWIFT_ACTIVE_COMPILATION_CONDITIONS = "DEBUG $(inherited)";
				SWIFT_OPTIMIZATION_LEVEL = "-Onone";
			};
			name = Debug;
		};
		3F92FF3A2B289CC500821CB5 /* Release */ = {
			isa = XCBuildConfiguration;
			buildSettings = {
				ALWAYS_SEARCH_USER_PATHS = NO;
				ASSETCATALOG_COMPILER_GENERATE_SWIFT_ASSET_SYMBOL_EXTENSIONS = YES;
				CLANG_ANALYZER_NONNULL = YES;
				CLANG_ANALYZER_NUMBER_OBJECT_CONVERSION = YES_AGGRESSIVE;
				CLANG_CXX_LANGUAGE_STANDARD = "gnu++20";
				CLANG_ENABLE_MODULES = YES;
				CLANG_ENABLE_OBJC_ARC = YES;
				CLANG_ENABLE_OBJC_WEAK = YES;
				CLANG_WARN_BLOCK_CAPTURE_AUTORELEASING = YES;
				CLANG_WARN_BOOL_CONVERSION = YES;
				CLANG_WARN_COMMA = YES;
				CLANG_WARN_CONSTANT_CONVERSION = YES;
				CLANG_WARN_DEPRECATED_OBJC_IMPLEMENTATIONS = YES;
				CLANG_WARN_DIRECT_OBJC_ISA_USAGE = YES_ERROR;
				CLANG_WARN_DOCUMENTATION_COMMENTS = YES;
				CLANG_WARN_EMPTY_BODY = YES;
				CLANG_WARN_ENUM_CONVERSION = YES;
				CLANG_WARN_INFINITE_RECURSION = YES;
				CLANG_WARN_INT_CONVERSION = YES;
				CLANG_WARN_NON_LITERAL_NULL_CONVERSION = YES;
				CLANG_WARN_OBJC_IMPLICIT_RETAIN_SELF = YES;
				CLANG_WARN_OBJC_LITERAL_CONVERSION = YES;
				CLANG_WARN_OBJC_ROOT_CLASS = YES_ERROR;
				CLANG_WARN_QUOTED_INCLUDE_IN_FRAMEWORK_HEADER = YES;
				CLANG_WARN_RANGE_LOOP_ANALYSIS = YES;
				CLANG_WARN_STRICT_PROTOTYPES = YES;
				CLANG_WARN_SUSPICIOUS_MOVE = YES;
				CLANG_WARN_UNGUARDED_AVAILABILITY = YES_AGGRESSIVE;
				CLANG_WARN_UNREACHABLE_CODE = YES;
				CLANG_WARN__DUPLICATE_METHOD_MATCH = YES;
				COPY_PHASE_STRIP = NO;
				DEBUG_INFORMATION_FORMAT = "dwarf-with-dsym";
				ENABLE_NS_ASSERTIONS = NO;
				ENABLE_STRICT_OBJC_MSGSEND = YES;
				ENABLE_USER_SCRIPT_SANDBOXING = YES;
				GCC_C_LANGUAGE_STANDARD = gnu17;
				GCC_NO_COMMON_BLOCKS = YES;
				GCC_WARN_64_TO_32_BIT_CONVERSION = YES;
				GCC_WARN_ABOUT_RETURN_TYPE = YES_ERROR;
				GCC_WARN_UNDECLARED_SELECTOR = YES;
				GCC_WARN_UNINITIALIZED_AUTOS = YES_AGGRESSIVE;
				GCC_WARN_UNUSED_FUNCTION = YES;
				GCC_WARN_UNUSED_VARIABLE = YES;
				LOCALIZATION_PREFERS_STRING_CATALOGS = YES;
				MTL_ENABLE_DEBUG_INFO = NO;
				MTL_FAST_MATH = YES;
				SWIFT_COMPILATION_MODE = wholemodule;
			};
			name = Release;
		};
		3F92FF3C2B289CC500821CB5 /* Debug */ = {
			isa = XCBuildConfiguration;
			buildSettings = {
				ASSETCATALOG_COMPILER_APPICON_NAME = AppIcon;
				ASSETCATALOG_COMPILER_GLOBAL_ACCENT_COLOR_NAME = AccentColor;
				CODE_SIGN_ENTITLEMENTS = kosciany_poker/kosciany_poker.entitlements;
				CODE_SIGN_STYLE = Automatic;
				CURRENT_PROJECT_VERSION = 1;
				DEVELOPMENT_ASSET_PATHS = "\"kosciany_poker/Preview Content\"";
				ENABLE_PREVIEWS = YES;
				GENERATE_INFOPLIST_FILE = YES;
				"INFOPLIST_KEY_UIApplicationSceneManifest_Generation[sdk=iphoneos*]" = YES;
				"INFOPLIST_KEY_UIApplicationSceneManifest_Generation[sdk=iphonesimulator*]" = YES;
				"INFOPLIST_KEY_UIApplicationSupportsIndirectInputEvents[sdk=iphoneos*]" = YES;
				"INFOPLIST_KEY_UIApplicationSupportsIndirectInputEvents[sdk=iphonesimulator*]" = YES;
				"INFOPLIST_KEY_UILaunchScreen_Generation[sdk=iphoneos*]" = YES;
				"INFOPLIST_KEY_UILaunchScreen_Generation[sdk=iphonesimulator*]" = YES;
				"INFOPLIST_KEY_UIStatusBarStyle[sdk=iphoneos*]" = UIStatusBarStyleDefault;
				"INFOPLIST_KEY_UIStatusBarStyle[sdk=iphonesimulator*]" = UIStatusBarStyleDefault;
				INFOPLIST_KEY_UISupportedInterfaceOrientations_iPad = "UIInterfaceOrientationPortrait UIInterfaceOrientationPortraitUpsideDown UIInterfaceOrientationLandscapeLeft UIInterfaceOrientationLandscapeRight";
				INFOPLIST_KEY_UISupportedInterfaceOrientations_iPhone = "UIInterfaceOrientationPortrait UIInterfaceOrientationLandscapeLeft UIInterfaceOrientationLandscapeRight";
				IPHONEOS_DEPLOYMENT_TARGET = 17.0;
				LD_RUNPATH_SEARCH_PATHS = "@executable_path/Frameworks";
				"LD_RUNPATH_SEARCH_PATHS[sdk=macosx*]" = "@executable_path/../Frameworks";
				MACOSX_DEPLOYMENT_TARGET = 13.6;
				MARKETING_VERSION = 1.0;
				PRODUCT_BUNDLE_IDENTIFIER = "pollub.kosciany-poker";
				PRODUCT_NAME = "$(TARGET_NAME)";
				SDKROOT = auto;
				SUPPORTED_PLATFORMS = "iphoneos iphonesimulator macosx";
				SWIFT_EMIT_LOC_STRINGS = YES;
				SWIFT_VERSION = 5.0;
				TARGETED_DEVICE_FAMILY = "1,2";
			};
			name = Debug;
		};
		3F92FF3D2B289CC500821CB5 /* Release */ = {
			isa = XCBuildConfiguration;
			buildSettings = {
				ASSETCATALOG_COMPILER_APPICON_NAME = AppIcon;
				ASSETCATALOG_COMPILER_GLOBAL_ACCENT_COLOR_NAME = AccentColor;
				CODE_SIGN_ENTITLEMENTS = kosciany_poker/kosciany_poker.entitlements;
				CODE_SIGN_STYLE = Automatic;
				CURRENT_PROJECT_VERSION = 1;
				DEVELOPMENT_ASSET_PATHS = "\"kosciany_poker/Preview Content\"";
				ENABLE_PREVIEWS = YES;
				GENERATE_INFOPLIST_FILE = YES;
				"INFOPLIST_KEY_UIApplicationSceneManifest_Generation[sdk=iphoneos*]" = YES;
				"INFOPLIST_KEY_UIApplicationSceneManifest_Generation[sdk=iphonesimulator*]" = YES;
				"INFOPLIST_KEY_UIApplicationSupportsIndirectInputEvents[sdk=iphoneos*]" = YES;
				"INFOPLIST_KEY_UIApplicationSupportsIndirectInputEvents[sdk=iphonesimulator*]" = YES;
				"INFOPLIST_KEY_UILaunchScreen_Generation[sdk=iphoneos*]" = YES;
				"INFOPLIST_KEY_UILaunchScreen_Generation[sdk=iphonesimulator*]" = YES;
				"INFOPLIST_KEY_UIStatusBarStyle[sdk=iphoneos*]" = UIStatusBarStyleDefault;
				"INFOPLIST_KEY_UIStatusBarStyle[sdk=iphonesimulator*]" = UIStatusBarStyleDefault;
				INFOPLIST_KEY_UISupportedInterfaceOrientations_iPad = "UIInterfaceOrientationPortrait UIInterfaceOrientationPortraitUpsideDown UIInterfaceOrientationLandscapeLeft UIInterfaceOrientationLandscapeRight";
				INFOPLIST_KEY_UISupportedInterfaceOrientations_iPhone = "UIInterfaceOrientationPortrait UIInterfaceOrientationLandscapeLeft UIInterfaceOrientationLandscapeRight";
				IPHONEOS_DEPLOYMENT_TARGET = 17.0;
				LD_RUNPATH_SEARCH_PATHS = "@executable_path/Frameworks";
				"LD_RUNPATH_SEARCH_PATHS[sdk=macosx*]" = "@executable_path/../Frameworks";
				MACOSX_DEPLOYMENT_TARGET = 13.6;
				MARKETING_VERSION = 1.0;
				PRODUCT_BUNDLE_IDENTIFIER = "pollub.kosciany-poker";
				PRODUCT_NAME = "$(TARGET_NAME)";
				SDKROOT = auto;
				SUPPORTED_PLATFORMS = "iphoneos iphonesimulator macosx";
				SWIFT_EMIT_LOC_STRINGS = YES;
				SWIFT_VERSION = 5.0;
				TARGETED_DEVICE_FAMILY = "1,2";
			};
			name = Release;
		};
		3F92FF3F2B289CC500821CB5 /* Debug */ = {
			isa = XCBuildConfiguration;
			buildSettings = {
				ALWAYS_EMBED_SWIFT_STANDARD_LIBRARIES = YES;
				BUNDLE_LOADER = "$(TEST_HOST)";
				CODE_SIGN_STYLE = Automatic;
				CURRENT_PROJECT_VERSION = 1;
				GENERATE_INFOPLIST_FILE = YES;
				IPHONEOS_DEPLOYMENT_TARGET = 17.0;
				MACOSX_DEPLOYMENT_TARGET = 13.6;
				MARKETING_VERSION = 1.0;
				PRODUCT_BUNDLE_IDENTIFIER = "pollub.kosciany-pokerTests";
				PRODUCT_NAME = "$(TARGET_NAME)";
				SDKROOT = auto;
				SUPPORTED_PLATFORMS = "iphoneos iphonesimulator macosx";
				SWIFT_EMIT_LOC_STRINGS = NO;
				SWIFT_VERSION = 5.0;
				TARGETED_DEVICE_FAMILY = "1,2";
				TEST_HOST = "$(BUILT_PRODUCTS_DIR)/kosciany_poker.app/$(BUNDLE_EXECUTABLE_FOLDER_PATH)/kosciany_poker";
			};
			name = Debug;
		};
		3F92FF402B289CC500821CB5 /* Release */ = {
			isa = XCBuildConfiguration;
			buildSettings = {
				ALWAYS_EMBED_SWIFT_STANDARD_LIBRARIES = YES;
				BUNDLE_LOADER = "$(TEST_HOST)";
				CODE_SIGN_STYLE = Automatic;
				CURRENT_PROJECT_VERSION = 1;
				GENERATE_INFOPLIST_FILE = YES;
				IPHONEOS_DEPLOYMENT_TARGET = 17.0;
				MACOSX_DEPLOYMENT_TARGET = 13.6;
				MARKETING_VERSION = 1.0;
				PRODUCT_BUNDLE_IDENTIFIER = "pollub.kosciany-pokerTests";
				PRODUCT_NAME = "$(TARGET_NAME)";
				SDKROOT = auto;
				SUPPORTED_PLATFORMS = "iphoneos iphonesimulator macosx";
				SWIFT_EMIT_LOC_STRINGS = NO;
				SWIFT_VERSION = 5.0;
				TARGETED_DEVICE_FAMILY = "1,2";
				TEST_HOST = "$(BUILT_PRODUCTS_DIR)/kosciany_poker.app/$(BUNDLE_EXECUTABLE_FOLDER_PATH)/kosciany_poker";
			};
			name = Release;
		};
		3F92FF422B289CC500821CB5 /* Debug */ = {
			isa = XCBuildConfiguration;
			buildSettings = {
				ALWAYS_EMBED_SWIFT_STANDARD_LIBRARIES = YES;
				CODE_SIGN_STYLE = Automatic;
				CURRENT_PROJECT_VERSION = 1;
				GENERATE_INFOPLIST_FILE = YES;
				IPHONEOS_DEPLOYMENT_TARGET = 17.0;
				MACOSX_DEPLOYMENT_TARGET = 13.6;
				MARKETING_VERSION = 1.0;
				PRODUCT_BUNDLE_IDENTIFIER = "pollub.kosciany-pokerUITests";
				PRODUCT_NAME = "$(TARGET_NAME)";
				SDKROOT = auto;
				SUPPORTED_PLATFORMS = "iphoneos iphonesimulator macosx";
				SWIFT_EMIT_LOC_STRINGS = NO;
				SWIFT_VERSION = 5.0;
				TARGETED_DEVICE_FAMILY = "1,2";
				TEST_TARGET_NAME = kosciany_poker;
			};
			name = Debug;
		};
		3F92FF432B289CC500821CB5 /* Release */ = {
			isa = XCBuildConfiguration;
			buildSettings = {
				ALWAYS_EMBED_SWIFT_STANDARD_LIBRARIES = YES;
				CODE_SIGN_STYLE = Automatic;
				CURRENT_PROJECT_VERSION = 1;
				GENERATE_INFOPLIST_FILE = YES;
				IPHONEOS_DEPLOYMENT_TARGET = 17.0;
				MACOSX_DEPLOYMENT_TARGET = 13.6;
				MARKETING_VERSION = 1.0;
				PRODUCT_BUNDLE_IDENTIFIER = "pollub.kosciany-pokerUITests";
				PRODUCT_NAME = "$(TARGET_NAME)";
				SDKROOT = auto;
				SUPPORTED_PLATFORMS = "iphoneos iphonesimulator macosx";
				SWIFT_EMIT_LOC_STRINGS = NO;
				SWIFT_VERSION = 5.0;
				TARGETED_DEVICE_FAMILY = "1,2";
				TEST_TARGET_NAME = kosciany_poker;
			};
			name = Release;
		};
/* End XCBuildConfiguration section */

/* Begin XCConfigurationList section */
		3F92FF112B289CC300821CB5 /* Build configuration list for PBXProject "kosciany_poker" */ = {
			isa = XCConfigurationList;
			buildConfigurations = (
				3F92FF392B289CC500821CB5 /* Debug */,
				3F92FF3A2B289CC500821CB5 /* Release */,
			);
			defaultConfigurationIsVisible = 0;
			defaultConfigurationName = Release;
		};
		3F92FF3B2B289CC500821CB5 /* Build configuration list for PBXNativeTarget "kosciany_poker" */ = {
			isa = XCConfigurationList;
			buildConfigurations = (
				3F92FF3C2B289CC500821CB5 /* Debug */,
				3F92FF3D2B289CC500821CB5 /* Release */,
			);
			defaultConfigurationIsVisible = 0;
			defaultConfigurationName = Release;
		};
		3F92FF3E2B289CC500821CB5 /* Build configuration list for PBXNativeTarget "kosciany_pokerTests" */ = {
			isa = XCConfigurationList;
			buildConfigurations = (
				3F92FF3F2B289CC500821CB5 /* Debug */,
				3F92FF402B289CC500821CB5 /* Release */,
			);
			defaultConfigurationIsVisible = 0;
			defaultConfigurationName = Release;
		};
		3F92FF412B289CC500821CB5 /* Build configuration list for PBXNativeTarget "kosciany_pokerUITests" */ = {
			isa = XCConfigurationList;
			buildConfigurations = (
				3F92FF422B289CC500821CB5 /* Debug */,
				3F92FF432B289CC500821CB5 /* Release */,
			);
			defaultConfigurationIsVisible = 0;
			defaultConfigurationName = Release;
		};
/* End XCConfigurationList section */
	};
	rootObject = 3F92FF0E2B289CC300821CB5 /* Project object */;
}
